Microsoft Visual Studio Solution File, Format Version 12.00
# Visual Studio Version 17
VisualStudioVersion = 17.5.2.0
MinimumVisualStudioVersion = 10.0.40219.1
Project("{FAE04EC0-301F-11D3-BF4B-00C04F79EFBC}") = "EmptyCoreProject", "EmptyCoreProject.csproj", "{69004196-64B7-DE32-E4B8-2A2137E7C562}"
EndProject
Global
	GlobalSection(SolutionConfigurationPlatforms) = preSolution
		Debug|Any CPU = Debug|Any CPU
		Release|Any CPU = Release|Any CPU
	EndGlobalSection
	GlobalSection(ProjectConfigurationPlatforms) = postSolution
		{69004196-64B7-DE32-E4B8-2A2137E7C562}.Debug|Any CPU.ActiveCfg = Debug|Any CPU
		{69004196-64B7-DE32-E4B8-2A2137E7C562}.Debug|Any CPU.Build.0 = Debug|Any CPU
		{69004196-64B7-DE32-E4B8-2A2137E7C562}.Release|Any CPU.ActiveCfg = Release|Any CPU
		{69004196-64B7-DE32-E4B8-2A2137E7C562}.Release|Any CPU.Build.0 = Release|Any CPU
	EndGlobalSection
	GlobalSection(SolutionProperties) = preSolution
		HideSolutionNode = FALSE
	EndGlobalSection
	GlobalSection(ExtensibilityGlobals) = postSolution
		SolutionGuid = {50EADC24-F9DB-4C02-9A04-91207EF4537D}
	EndGlobalSection
EndGlobal
